
Microsoft Visual Studio Solution File, Format Version 12.00
# Visual Studio Version 17
VisualStudioVersion = 17.2.32630.192
MinimumVisualStudioVersion = 10.0.40219.1
Project("{FAE04EC0-301F-11D3-BF4B-00C04F79EFBC}") = "szyfrowanie", "szyfrowanie\szyfrowanie.csproj", "{EC88C0AD-64C2-4BC5-8438-959469CE9672}"
EndProject
Global
	GlobalSection(SolutionConfigurationPlatforms) = preSolution
		Debug|Any CPU = Debug|Any CPU
		Release|Any CPU = Release|Any CPU
	EndGlobalSection
	GlobalSection(ProjectConfigurationPlatforms) = postSolution
		{EC88C0AD-64C2-4BC5-8438-959469CE9672}.Debug|Any CPU.ActiveCfg = Debug|Any CPU
		{EC88C0AD-64C2-4BC5-8438-959469CE9672}.Debug|Any CPU.Build.0 = Debug|Any CPU
		{EC88C0AD-64C2-4BC5-8438-959469CE9672}.Release|Any CPU.ActiveCfg = Release|Any CPU
		{EC88C0AD-64C2-4BC5-8438-959469CE9672}.Release|Any CPU.Build.0 = Release|Any CPU
	EndGlobalSection
	GlobalSection(SolutionProperties) = preSolution
		HideSolutionNode = FALSE
	EndGlobalSection
	GlobalSection(ExtensibilityGlobals) = postSolution
		SolutionGuid = {5876043A-B0E6-4734-994F-24B92D3CF9B6}
	EndGlobalSection
EndGlobal
